
Microsoft Visual Studio Solution File, Format Version 12.00
# Visual Studio Version 17
VisualStudioVersion = 17.8.34525.116
MinimumVisualStudioVersion = 10.0.40219.1
Project("{FAE04EC0-301F-11D3-BF4B-00C04F79EFBC}") = "Activity2", "Activity2\Activity2.csproj", "{23F62B05-7904-415B-BD58-D1EB8ABA0F5A}"
EndProject
Global
	GlobalSection(SolutionConfigurationPlatforms) = preSolution
		Debug|Any CPU = Debug|Any CPU
		Release|Any CPU = Release|Any CPU
	EndGlobalSection
	GlobalSection(ProjectConfigurationPlatforms) = postSolution
		{23F62B05-7904-415B-BD58-D1EB8ABA0F5A}.Debug|Any CPU.ActiveCfg = Debug|Any CPU
		{23F62B05-7904-415B-BD58-D1EB8ABA0F5A}.Debug|Any CPU.Build.0 = Debug|Any CPU
		{23F62B05-7904-415B-BD58-D1EB8ABA0F5A}.Release|Any CPU.ActiveCfg = Release|Any CPU
		{23F62B05-7904-415B-BD58-D1EB8ABA0F5A}.Release|Any CPU.Build.0 = Release|Any CPU
	EndGlobalSection
	GlobalSection(SolutionProperties) = preSolution
		HideSolutionNode = FALSE
	EndGlobalSection
	GlobalSection(ExtensibilityGlobals) = postSolution
		SolutionGuid = {B54FD099-9C55-4B7F-9568-ECCB56208D0B}
	EndGlobalSection
EndGlobal
